
Microsoft Visual Studio Solution File, Format Version 12.00
# Visual Studio Version 17
VisualStudioVersion = 17.9.34714.143
MinimumVisualStudioVersion = 10.0.40219.1
Project("{E24C65DC-7377-472B-9ABA-BC803B73C61A}") = "P01_JS-Temel", "P01_JS-Temel\", "{86DB2AD4-DE14-4CF2-9538-393A920A4F33}"
	ProjectSection(WebsiteProperties) = preProject
		TargetFrameworkMoniker = ".NETFramework,Version%3Dv4.8"
		Debug.AspNetCompiler.VirtualPath = "/localhost_50227"
		Debug.AspNetCompiler.PhysicalPath = "P01_JS-Temel\"
		Debug.AspNetCompiler.TargetPath = "PrecompiledWeb\localhost_50227\"
		Debug.AspNetCompiler.Updateable = "true"
		Debug.AspNetCompiler.ForceOverwrite = "true"
		Debug.AspNetCompiler.FixedNames = "false"
		Debug.AspNetCompiler.Debug = "True"
		Release.AspNetCompiler.VirtualPath = "/localhost_50227"
		Release.AspNetCompiler.PhysicalPath = "P01_JS-Temel\"
		Release.AspNetCompiler.TargetPath = "PrecompiledWeb\localhost_50227\"
		Release.AspNetCompiler.Updateable = "true"
		Release.AspNetCompiler.ForceOverwrite = "true"
		Release.AspNetCompiler.FixedNames = "false"
		Release.AspNetCompiler.Debug = "False"
		VWDPort = "50227"
		SlnRelativePath = "P01_JS-Temel\"
		DefaultWebSiteLanguage = "Visual C#"
	EndProjectSection
EndProject
Project("{E24C65DC-7377-472B-9ABA-BC803B73C61A}") = "P10_JS_Sample01", "P10_JS_Sample01\", "{B6E23CDD-5F2B-4E71-905F-B03ABD5BBA19}"
	ProjectSection(WebsiteProperties) = preProject
		TargetFrameworkMoniker = ".NETFramework,Version%3Dv4.8"
		Debug.AspNetCompiler.VirtualPath = "/localhost_55833"
		Debug.AspNetCompiler.PhysicalPath = "P10_JS_Sample01\"
		Debug.AspNetCompiler.TargetPath = "PrecompiledWeb\localhost_55833\"
		Debug.AspNetCompiler.Updateable = "true"
		Debug.AspNetCompiler.ForceOverwrite = "true"
		Debug.AspNetCompiler.FixedNames = "false"
		Debug.AspNetCompiler.Debug = "True"
		Release.AspNetCompiler.VirtualPath = "/localhost_55833"
		Release.AspNetCompiler.PhysicalPath = "P10_JS_Sample01\"
		Release.AspNetCompiler.TargetPath = "PrecompiledWeb\localhost_55833\"
		Release.AspNetCompiler.Updateable = "true"
		Release.AspNetCompiler.ForceOverwrite = "true"
		Release.AspNetCompiler.FixedNames = "false"
		Release.AspNetCompiler.Debug = "False"
		VWDPort = "55833"
		SlnRelativePath = "P10_JS_Sample01\"
		DefaultWebSiteLanguage = "Visual C#"
	EndProjectSection
EndProject
Project("{E24C65DC-7377-472B-9ABA-BC803B73C61A}") = "P11_JS_Sample02", "P11_JS_Sample02\", "{27ED88A2-F4A5-4655-9CBE-128E8F89766D}"
	ProjectSection(WebsiteProperties) = preProject
		TargetFrameworkMoniker = ".NETFramework,Version%3Dv4.8"
		Debug.AspNetCompiler.VirtualPath = "/localhost_56291"
		Debug.AspNetCompiler.PhysicalPath = "P11_JS_Sample02\"
		Debug.AspNetCompiler.TargetPath = "PrecompiledWeb\localhost_56291\"
		Debug.AspNetCompiler.Updateable = "true"
		Debug.AspNetCompiler.ForceOverwrite = "true"
		Debug.AspNetCompiler.FixedNames = "false"
		Debug.AspNetCompiler.Debug = "True"
		Release.AspNetCompiler.VirtualPath = "/localhost_56291"
		Release.AspNetCompiler.PhysicalPath = "P11_JS_Sample02\"
		Release.AspNetCompiler.TargetPath = "PrecompiledWeb\localhost_56291\"
		Release.AspNetCompiler.Updateable = "true"
		Release.AspNetCompiler.ForceOverwrite = "true"
		Release.AspNetCompiler.FixedNames = "false"
		Release.AspNetCompiler.Debug = "False"
		VWDPort = "56291"
		SlnRelativePath = "P11_JS_Sample02\"
		DefaultWebSiteLanguage = "Visual C#"
	EndProjectSection
EndProject
Project("{E24C65DC-7377-472B-9ABA-BC803B73C61A}") = "P12_JS_Sample3", "P12_JS_Sample3\", "{2A65AE51-663F-479F-ABD3-DC42816E3C84}"
	ProjectSection(WebsiteProperties) = preProject
		TargetFrameworkMoniker = ".NETFramework,Version%3Dv4.8"
		Debug.AspNetCompiler.VirtualPath = "/localhost_56642"
		Debug.AspNetCompiler.PhysicalPath = "P12_JS_Sample3\"
		Debug.AspNetCompiler.TargetPath = "PrecompiledWeb\localhost_56642\"
		Debug.AspNetCompiler.Updateable = "true"
		Debug.AspNetCompiler.ForceOverwrite = "true"
		Debug.AspNetCompiler.FixedNames = "false"
		Debug.AspNetCompiler.Debug = "True"
		Release.AspNetCompiler.VirtualPath = "/localhost_56642"
		Release.AspNetCompiler.PhysicalPath = "P12_JS_Sample3\"
		Release.AspNetCompiler.TargetPath = "PrecompiledWeb\localhost_56642\"
		Release.AspNetCompiler.Updateable = "true"
		Release.AspNetCompiler.ForceOverwrite = "true"
		Release.AspNetCompiler.FixedNames = "false"
		Release.AspNetCompiler.Debug = "False"
		VWDPort = "56642"
		SlnRelativePath = "P12_JS_Sample3\"
		DefaultWebSiteLanguage = "Visual C#"
	EndProjectSection
EndProject
Project("{E24C65DC-7377-472B-9ABA-BC803B73C61A}") = "P13_JS_Sample04", "P13_JS_Sample04\", "{56A833A4-23D9-47F8-A854-D5AA456BAC2E}"
	ProjectSection(WebsiteProperties) = preProject
		TargetFrameworkMoniker = ".NETFramework,Version%3Dv4.8"
		Debug.AspNetCompiler.VirtualPath = "/localhost_57032"
		Debug.AspNetCompiler.PhysicalPath = "P13_JS_Sample04\"
		Debug.AspNetCompiler.TargetPath = "PrecompiledWeb\localhost_57032\"
		Debug.AspNetCompiler.Updateable = "true"
		Debug.AspNetCompiler.ForceOverwrite = "true"
		Debug.AspNetCompiler.FixedNames = "false"
		Debug.AspNetCompiler.Debug = "True"
		Release.AspNetCompiler.VirtualPath = "/localhost_57032"
		Release.AspNetCompiler.PhysicalPath = "P13_JS_Sample04\"
		Release.AspNetCompiler.TargetPath = "PrecompiledWeb\localhost_57032\"
		Release.AspNetCompiler.Updateable = "true"
		Release.AspNetCompiler.ForceOverwrite = "true"
		Release.AspNetCompiler.FixedNames = "false"
		Release.AspNetCompiler.Debug = "False"
		VWDPort = "57032"
		SlnRelativePath = "P13_JS_Sample04\"
		DefaultWebSiteLanguage = "Visual C#"
	EndProjectSection
EndProject
Global
	GlobalSection(SolutionConfigurationPlatforms) = preSolution
		Debug|Any CPU = Debug|Any CPU
	EndGlobalSection
	GlobalSection(ProjectConfigurationPlatforms) = postSolution
		{86DB2AD4-DE14-4CF2-9538-393A920A4F33}.Debug|Any CPU.ActiveCfg = Debug|Any CPU
		{86DB2AD4-DE14-4CF2-9538-393A920A4F33}.Debug|Any CPU.Build.0 = Debug|Any CPU
		{B6E23CDD-5F2B-4E71-905F-B03ABD5BBA19}.Debug|Any CPU.ActiveCfg = Debug|Any CPU
		{B6E23CDD-5F2B-4E71-905F-B03ABD5BBA19}.Debug|Any CPU.Build.0 = Debug|Any CPU
		{27ED88A2-F4A5-4655-9CBE-128E8F89766D}.Debug|Any CPU.ActiveCfg = Debug|Any CPU
		{27ED88A2-F4A5-4655-9CBE-128E8F89766D}.Debug|Any CPU.Build.0 = Debug|Any CPU
		{2A65AE51-663F-479F-ABD3-DC42816E3C84}.Debug|Any CPU.ActiveCfg = Debug|Any CPU
		{2A65AE51-663F-479F-ABD3-DC42816E3C84}.Debug|Any CPU.Build.0 = Debug|Any CPU
		{56A833A4-23D9-47F8-A854-D5AA456BAC2E}.Debug|Any CPU.ActiveCfg = Debug|Any CPU
		{56A833A4-23D9-47F8-A854-D5AA456BAC2E}.Debug|Any CPU.Build.0 = Debug|Any CPU
	EndGlobalSection
	GlobalSection(SolutionProperties) = preSolution
		HideSolutionNode = FALSE
	EndGlobalSection
	GlobalSection(ExtensibilityGlobals) = postSolution
		SolutionGuid = {90F96FE8-2886-4869-80FF-4921B32A42A6}
	EndGlobalSection
EndGlobal
